
Microsoft Visual Studio Solution File, Format Version 12.00
# Visual Studio Version 16
VisualStudioVersion = 16.0.31410.357
MinimumVisualStudioVersion = 10.0.40219.1
Project("{FAE04EC0-301F-11D3-BF4B-00C04F79EFBC}") = "InptAdmitDate", "InptAdmitDate.csproj", "{727A6058-6856-4B1D-9B93-06ACF4A1C3D3}"
EndProject
Global
	GlobalSection(SolutionConfigurationPlatforms) = preSolution
		Debug|Any CPU = Debug|Any CPU
		Release|Any CPU = Release|Any CPU
	EndGlobalSection
	GlobalSection(ProjectConfigurationPlatforms) = postSolution
		{727A6058-6856-4B1D-9B93-06ACF4A1C3D3}.Debug|Any CPU.ActiveCfg = Debug|Any CPU
		{727A6058-6856-4B1D-9B93-06ACF4A1C3D3}.Debug|Any CPU.Build.0 = Debug|Any CPU
		{727A6058-6856-4B1D-9B93-06ACF4A1C3D3}.Release|Any CPU.ActiveCfg = Release|Any CPU
		{727A6058-6856-4B1D-9B93-06ACF4A1C3D3}.Release|Any CPU.Build.0 = Release|Any CPU
	EndGlobalSection
	GlobalSection(SolutionProperties) = preSolution
		HideSolutionNode = FALSE
	EndGlobalSection
	GlobalSection(ExtensibilityGlobals) = postSolution
		SolutionGuid = {C857E656-54C9-437B-8570-4D781F207577}
	EndGlobalSection
EndGlobal
