
Microsoft Visual Studio Solution File, Format Version 12.00
# Visual Studio Version 16
VisualStudioVersion = 16.0.30804.86
MinimumVisualStudioVersion = 10.0.40219.1
Project("{FAE04EC0-301F-11D3-BF4B-00C04F79EFBC}") = "MyAvatoolWebService", "MyAvatoolWebService.csproj", "{2D8E373C-8A79-498B-8C80-70E8B91D284F}"
EndProject
Project("{F184B08F-C81C-45F6-A57F-5ABD9991F28F}") = "NTST.ScriptLinkService.Objects", "NTST.ScriptLinkService.Objects\NTST.ScriptLinkService.Objects.vbproj", "{5EC9314E-835E-4794-9FC9-2A00DF57058F}"
EndProject
Global
	GlobalSection(SolutionConfigurationPlatforms) = preSolution
		Debug|Any CPU = Debug|Any CPU
		Release|Any CPU = Release|Any CPU
	EndGlobalSection
	GlobalSection(ProjectConfigurationPlatforms) = postSolution
		{2D8E373C-8A79-498B-8C80-70E8B91D284F}.Debug|Any CPU.ActiveCfg = Debug|Any CPU
		{2D8E373C-8A79-498B-8C80-70E8B91D284F}.Debug|Any CPU.Build.0 = Debug|Any CPU
		{2D8E373C-8A79-498B-8C80-70E8B91D284F}.Release|Any CPU.ActiveCfg = Release|Any CPU
		{2D8E373C-8A79-498B-8C80-70E8B91D284F}.Release|Any CPU.Build.0 = Release|Any CPU
		{5EC9314E-835E-4794-9FC9-2A00DF57058F}.Debug|Any CPU.ActiveCfg = Debug|Any CPU
		{5EC9314E-835E-4794-9FC9-2A00DF57058F}.Debug|Any CPU.Build.0 = Debug|Any CPU
		{5EC9314E-835E-4794-9FC9-2A00DF57058F}.Release|Any CPU.ActiveCfg = Release|Any CPU
		{5EC9314E-835E-4794-9FC9-2A00DF57058F}.Release|Any CPU.Build.0 = Release|Any CPU
	EndGlobalSection
	GlobalSection(SolutionProperties) = preSolution
		HideSolutionNode = FALSE
	EndGlobalSection
	GlobalSection(ExtensibilityGlobals) = postSolution
		SolutionGuid = {DA241ECD-374F-4CAF-BCAD-F3F4ADAA8CCE}
	EndGlobalSection
EndGlobal
